<?xml version="1.0" encoding="utf-8"?>
<Project ToolsVersion="4.0" xmlns="http://schemas.microsoft.com/developer/msbuild/2003">
  <ItemGroup>
    <Filter Include="头文件">
      <UniqueIdentifier>{45a2bd0b-1ed7-4073-a614-d582c54669eb}</UniqueIdentifier>
    </Filter>
    <Filter Include="源文件">
      <UniqueIdentifier>{d7ea3295-29df-4c3d-8934-ae38c1ab642e}</UniqueIdentifier>
    </Filter>
  </ItemGroup>
  <ItemGroup>
    <ClInclude Include="Include\INET_IPv4.h">
      <Filter>头文件</Filter>
    </ClInclude>
  </ItemGroup>
  <ItemGroup>
    <ClCompile Include="Impl\INET_IPv4.cpp">
      <Filter>源文件</Filter>
    </ClCompile>
  </ItemGroup>
</Project>