<?xml version="1.0" encoding="utf-8"?>
<Project ToolsVersion="4.0" xmlns="http://schemas.microsoft.com/developer/msbuild/2003">
  <ItemGroup>
    <Filter Include="源文件">
      <UniqueIdentifier>{4FC737F1-C7A5-4376-A066-2A32D752A2FF}</UniqueIdentifier>
      <Extensions>cpp;c;cc;cxx;def;odl;idl;hpj;bat;asm;asmx</Extensions>
    </Filter>
    <Filter Include="头文件">
      <UniqueIdentifier>{93995380-89BD-4b04-88EB-625FBE52EBFB}</UniqueIdentifier>
      <Extensions>h;hh;hpp;hxx;hm;inl;inc;ipp;xsd</Extensions>
    </Filter>
    <Filter Include="资源文件">
      <UniqueIdentifier>{67DA6AB6-F800-4c08-8B7A-83BB121AAD01}</UniqueIdentifier>
      <Extensions>rc;ico;cur;bmp;dlg;rc2;rct;bin;rgs;gif;jpg;jpeg;jpe;resx;tiff;tif;png;wav;mfcribbon-ms</Extensions>
    </Filter>
    <Filter Include="头文件\xmlInclude">
      <UniqueIdentifier>{7d29ec06-6294-4ce3-b7c8-9289072a57d7}</UniqueIdentifier>
    </Filter>
    <Filter Include="源文件\xmlImpl">
      <UniqueIdentifier>{80d8ad4d-e200-40e8-bd2f-a0ab028644b9}</UniqueIdentifier>
    </Filter>
    <Filter Include="源文件\Impl">
      <UniqueIdentifier>{f6f064d8-4ece-4f31-bd84-a8a00ef8c7d4}</UniqueIdentifier>
    </Filter>
    <Filter Include="头文件\Include">
      <UniqueIdentifier>{57271afa-2717-43f3-b8d9-692a919ae94c}</UniqueIdentifier>
    </Filter>
  </ItemGroup>
  <ItemGroup>
    <ClInclude Include="stdafx.h">
      <Filter>头文件</Filter>
    </ClInclude>
    <ClInclude Include="targetver.h">
      <Filter>头文件</Filter>
    </ClInclude>
    <ClInclude Include="compile.h">
      <Filter>源文件</Filter>
    </ClInclude>
    <ClInclude Include="Include\Mpeg2_TS_ErrorCode.h">
      <Filter>头文件\Include</Filter>
    </ClInclude>
    <ClInclude Include="Include\Mpeg2_TS_packet.h">
      <Filter>头文件\Include</Filter>
    </ClInclude>
    <ClInclude Include="Include\Mpeg2_TS_PID.h">
      <Filter>头文件\Include</Filter>
    </ClInclude>
    <ClInclude Include="Include\Mpeg2_TS_Utilities.h">
      <Filter>头文件\Include</Filter>
    </ClInclude>
    <ClInclude Include="xml\Include\Mpeg2_TS_packet_XML.h">
      <Filter>头文件\xmlInclude</Filter>
    </ClInclude>
  </ItemGroup>
  <ItemGroup>
    <ClCompile Include="stdafx.cpp">
      <Filter>源文件</Filter>
    </ClCompile>
    <ClCompile Include="dllmain.cpp">
      <Filter>源文件</Filter>
    </ClCompile>
    <ClCompile Include="xml\Impl\Mpeg2_TS_packet_XML.cpp">
      <Filter>源文件\xmlImpl</Filter>
    </ClCompile>
    <ClCompile Include="Impl\Mpeg2_TS_packet.cpp">
      <Filter>源文件\Impl</Filter>
    </ClCompile>
    <ClCompile Include="Impl\Mpeg2_TS_Utilities.cpp">
      <Filter>源文件\Impl</Filter>
    </ClCompile>
  </ItemGroup>
</Project>