<?xml version="1.0" encoding="utf-8"?>
<Project ToolsVersion="4.0" xmlns="http://schemas.microsoft.com/developer/msbuild/2003">
  <ItemGroup>
    <Filter Include="源文件">
      <UniqueIdentifier>{4FC737F1-C7A5-4376-A066-2A32D752A2FF}</UniqueIdentifier>
      <Extensions>cpp;c;cc;cxx;def;odl;idl;hpj;bat;asm;asmx</Extensions>
    </Filter>
    <Filter Include="头文件">
      <UniqueIdentifier>{93995380-89BD-4b04-88EB-625FBE52EBFB}</UniqueIdentifier>
      <Extensions>h;hh;hpp;hxx;hm;inl;inc;ipp;xsd</Extensions>
    </Filter>
    <Filter Include="资源文件">
      <UniqueIdentifier>{67DA6AB6-F800-4c08-8B7A-83BB121AAD01}</UniqueIdentifier>
      <Extensions>rc;ico;cur;bmp;dlg;rc2;rct;bin;rgs;gif;jpg;jpeg;jpe;resx;tiff;tif;png;wav;mfcribbon-ms</Extensions>
    </Filter>
    <Filter Include="头文件\xmlInclude">
      <UniqueIdentifier>{ec2ab7a4-31a7-498b-91e5-ba1d943fd36d}</UniqueIdentifier>
    </Filter>
    <Filter Include="源文件\xmlImpl">
      <UniqueIdentifier>{574bef15-63e5-4e8c-8fbc-f0f7465d301c}</UniqueIdentifier>
    </Filter>
    <Filter Include="头文件\Include">
      <UniqueIdentifier>{e9ac506c-a8f7-4fd7-81c3-dd809fa2c61d}</UniqueIdentifier>
    </Filter>
    <Filter Include="源文件\Impl">
      <UniqueIdentifier>{1641a604-1857-4d44-8827-df3231cd06bf}</UniqueIdentifier>
    </Filter>
  </ItemGroup>
  <ItemGroup>
    <ClInclude Include="stdafx.h">
      <Filter>头文件</Filter>
    </ClInclude>
    <ClInclude Include="targetver.h">
      <Filter>头文件</Filter>
    </ClInclude>
    <ClInclude Include="Include\MPEG_PES_ErrorCode.h">
      <Filter>头文件\Include</Filter>
    </ClInclude>
    <ClInclude Include="Include\MPEG_PES_packet.h">
      <Filter>头文件\Include</Filter>
    </ClInclude>
    <ClInclude Include="Include\MPEG_PES_Utilities.h">
      <Filter>头文件\Include</Filter>
    </ClInclude>
    <ClInclude Include="Include\MPEG_stream_id.h">
      <Filter>头文件\Include</Filter>
    </ClInclude>
    <ClInclude Include="xml\Include\MPEG_PES_packet_XML.h">
      <Filter>头文件\xmlInclude</Filter>
    </ClInclude>
  </ItemGroup>
  <ItemGroup>
    <ClCompile Include="stdafx.cpp">
      <Filter>源文件</Filter>
    </ClCompile>
    <ClCompile Include="dllmain.cpp">
      <Filter>源文件</Filter>
    </ClCompile>
    <ClCompile Include="Impl\MPEG_PES_packet.cpp">
      <Filter>源文件\Impl</Filter>
    </ClCompile>
    <ClCompile Include="Impl\MPEG_PES_Uitilites.cpp">
      <Filter>源文件\Impl</Filter>
    </ClCompile>
    <ClCompile Include="xml\Impl\MPEG_PES_packet_XML.cpp">
      <Filter>源文件\xmlImpl</Filter>
    </ClCompile>
  </ItemGroup>
</Project>